{
  "name": "login-cli",
  "version": "0.0.0",
  "lockfileVersion": 3,
  "requires": true,
  "packages": {
    "": {
      "name": "login-cli",
      "version": "0.0.0",
      "license": "ISC",
      "dependencies": {
        "@ipld/dag-ucan": "^3.4.5",
        "@ucanto/principal": "^9.0.2",
        "sade": "^1.8.1"
      }
    },
    "node_modules/@ipld/dag-cbor": {
      "version": "9.2.2",
      "resolved": "https://registry.npmjs.org/@ipld/dag-cbor/-/dag-cbor-9.2.2.tgz",
      "integrity": "sha512-uIEOuruCqKTP50OBWwgz4Js2+LhiBQaxc57cnP71f45b1mHEAo1OCR1Zn/TbvSW/mV1x+JqhacIktkKyaYqhCw==",
      "license": "Apache-2.0 OR MIT",
      "dependencies": {
        "cborg": "^4.0.0",
        "multiformats": "^13.1.0"
      },
      "engines": {
        "node": ">=16.0.0",
        "npm": ">=7.0.0"
      }
    },
    "node_modules/@ipld/dag-json": {
      "version": "10.2.3",
      "resolved": "https://registry.npmjs.org/@ipld/dag-json/-/dag-json-10.2.3.tgz",
      "integrity": "sha512-itacv1j1hvYgLox2B42Msn70QLzcr0MEo5yGIENuw2SM/lQzq9bmBiMky+kDsIrsqqblKTXcHBZnnmK7D4a6ZQ==",
      "license": "Apache-2.0 OR MIT",
      "dependencies": {
        "cborg": "^4.0.0",
        "multiformats": "^13.1.0"
      },
      "engines": {
        "node": ">=16.0.0",
        "npm": ">=7.0.0"
      }
    },
    "node_modules/@ipld/dag-ucan": {
      "version": "3.4.5",
      "resolved": "https://registry.npmjs.org/@ipld/dag-ucan/-/dag-ucan-3.4.5.tgz",
      "integrity": "sha512-wiWhH0Ju7WgnumsarHCYtlo+1NRy+WIsXyAB7g2sDqVsKCyEJiLLmjeZzKqNv+qMxLnUS8bQ287cPiQ//s/oJQ==",
      "license": "Apache-2.0 OR MIT",
      "dependencies": {
        "@ipld/dag-cbor": "^9.0.0",
        "@ipld/dag-json": "^10.0.0",
        "multiformats": "^13.3.1"
      }
    },
    "node_modules/@noble/curves": {
      "version": "1.8.1",
      "resolved": "https://registry.npmjs.org/@noble/curves/-/curves-1.8.1.tgz",
      "integrity": "sha512-warwspo+UYUPep0Q+vtdVB4Ugn8GGQj8iyB3gnRWsztmUHTI3S1nhdiWNsPUGL0vud7JlRRk1XEu7Lq1KGTnMQ==",
      "license": "MIT",
      "dependencies": {
        "@noble/hashes": "1.7.1"
      },
      "engines": {
        "node": "^14.21.3 || >=16"
      },
      "funding": {
        "url": "https://paulmillr.com/funding/"
      }
    },
    "node_modules/@noble/ed25519": {
      "version": "1.7.3",
      "resolved": "https://registry.npmjs.org/@noble/ed25519/-/ed25519-1.7.3.tgz",
      "integrity": "sha512-iR8GBkDt0Q3GyaVcIu7mSsVIqnFbkbRzGLWlvhwunacoLwt4J3swfKhfaM6rN6WY+TBGoYT1GtT1mIh2/jGbRQ==",
      "funding": [
        {
          "type": "individual",
          "url": "https://paulmillr.com/funding/"
        }
      ],
      "license": "MIT"
    },
    "node_modules/@noble/hashes": {
      "version": "1.7.1",
      "resolved": "https://registry.npmjs.org/@noble/hashes/-/hashes-1.7.1.tgz",
      "integrity": "sha512-B8XBPsn4vT/KJAGqDzbwztd+6Yte3P4V7iafm24bxgDe/mlRuK6xmWPuCNrKt2vDafZ8MfJLlchDG/vYafQEjQ==",
      "license": "MIT",
      "engines": {
        "node": "^14.21.3 || >=16"
      },
      "funding": {
        "url": "https://paulmillr.com/funding/"
      }
    },
    "node_modules/@ucanto/interface": {
      "version": "10.2.0",
      "resolved": "https://registry.npmjs.org/@ucanto/interface/-/interface-10.2.0.tgz",
      "integrity": "sha512-k49byxjAKJEW+ru1RBJ8VNCBCxWSMY7P25DqOocCGECUfod38uqj4Z5dmvlM8ax3HRd7U5MTp+B9Q/gzWXnjfQ==",
      "license": "(Apache-2.0 AND MIT)",
      "dependencies": {
        "@ipld/dag-ucan": "^3.4.5",
        "multiformats": "^13.3.1"
      }
    },
    "node_modules/@ucanto/principal": {
      "version": "9.0.2",
      "resolved": "https://registry.npmjs.org/@ucanto/principal/-/principal-9.0.2.tgz",
      "integrity": "sha512-RE3Rj0oz4wh4C9p2JJZB9+QLd7Fi3lCixrbHgAvEoSyTNpvz6ky8DGNtttmD5j3O94z13qdVdIoSRY6DQZXfAg==",
      "license": "(Apache-2.0 AND MIT)",
      "dependencies": {
        "@ipld/dag-ucan": "^3.4.5",
        "@noble/curves": "^1.2.0",
        "@noble/ed25519": "^1.7.3",
        "@noble/hashes": "^1.3.2",
        "@ucanto/interface": "^10.1.1",
        "multiformats": "^13.3.1",
        "one-webcrypto": "^1.0.3"
      }
    },
    "node_modules/cborg": {
      "version": "4.2.8",
      "resolved": "https://registry.npmjs.org/cborg/-/cborg-4.2.8.tgz",
      "integrity": "sha512-z9M+TZCWQbf89Gl8ulpYThM9fqmkjBDdMiq+wS72OAK2zqDaXNquoAWFDrAKHQAukVtPspmadB9chuFC0ut7ew==",
      "license": "Apache-2.0",
      "bin": {
        "cborg": "lib/bin.js"
      }
    },
    "node_modules/mri": {
      "version": "1.2.0",
      "resolved": "https://registry.npmjs.org/mri/-/mri-1.2.0.tgz",
      "integrity": "sha512-tzzskb3bG8LvYGFF/mDTpq3jpI6Q9wc3LEmBaghu+DdCssd1FakN7Bc0hVNmEyGq1bq3RgfkCb3cmQLpNPOroA==",
      "license": "MIT",
      "engines": {
        "node": ">=4"
      }
    },
    "node_modules/multiformats": {
      "version": "13.3.2",
      "resolved": "https://registry.npmjs.org/multiformats/-/multiformats-13.3.2.tgz",
      "integrity": "sha512-qbB0CQDt3QKfiAzZ5ZYjLFOs+zW43vA4uyM8g27PeEuXZybUOFyjrVdP93HPBHMoglibwfkdVwbzfUq8qGcH6g==",
      "license": "Apache-2.0 OR MIT"
    },
    "node_modules/one-webcrypto": {
      "version": "1.0.3",
      "resolved": "https://registry.npmjs.org/one-webcrypto/-/one-webcrypto-1.0.3.tgz",
      "integrity": "sha512-fu9ywBVBPx0gS9K0etIROTiCkvI5S1TDjFsYFb3rC1ewFxeOqsbzq7aIMBHsYfrTHBcGXJaONXXjTl8B01cW1Q==",
      "license": "MIT"
    },
    "node_modules/sade": {
      "version": "1.8.1",
      "resolved": "https://registry.npmjs.org/sade/-/sade-1.8.1.tgz",
      "integrity": "sha512-xal3CZX1Xlo/k4ApwCFrHVACi9fBqJ7V+mwhBsuf/1IOKbBy098Fex+Wa/5QMubw09pSZ/u8EY8PWgevJsXp1A==",
      "license": "MIT",
      "dependencies": {
        "mri": "^1.1.0"
      },
      "engines": {
        "node": ">=6"
      }
    }
  }
}
